
Microsoft Visual Studio Solution File, Format Version 12.00
# Visual Studio Version 17
VisualStudioVersion = 17.11.35219.272
MinimumVisualStudioVersion = 10.0.40219.1
Project("{8BC9CEB8-8B4A-11D0-8D11-00A0C91BC942}") = "meet 25.09", "meet 25.09\meet 25.09.vcxproj", "{C3BE49EC-37CA-4016-928B-F4702A0016EE}"
EndProject
Global
	GlobalSection(SolutionConfigurationPlatforms) = preSolution
		Debug|x64 = Debug|x64
		Debug|x86 = Debug|x86
		Release|x64 = Release|x64
		Release|x86 = Release|x86
	EndGlobalSection
	GlobalSection(ProjectConfigurationPlatforms) = postSolution
		{C3BE49EC-37CA-4016-928B-F4702A0016EE}.Debug|x64.ActiveCfg = Debug|x64
		{C3BE49EC-37CA-4016-928B-F4702A0016EE}.Debug|x64.Build.0 = Debug|x64
		{C3BE49EC-37CA-4016-928B-F4702A0016EE}.Debug|x86.ActiveCfg = Debug|Win32
		{C3BE49EC-37CA-4016-928B-F4702A0016EE}.Debug|x86.Build.0 = Debug|Win32
		{C3BE49EC-37CA-4016-928B-F4702A0016EE}.Release|x64.ActiveCfg = Release|x64
		{C3BE49EC-37CA-4016-928B-F4702A0016EE}.Release|x64.Build.0 = Release|x64
		{C3BE49EC-37CA-4016-928B-F4702A0016EE}.Release|x86.ActiveCfg = Release|Win32
		{C3BE49EC-37CA-4016-928B-F4702A0016EE}.Release|x86.Build.0 = Release|Win32
	EndGlobalSection
	GlobalSection(SolutionProperties) = preSolution
		HideSolutionNode = FALSE
	EndGlobalSection
	GlobalSection(ExtensibilityGlobals) = postSolution
		SolutionGuid = {7AED760B-81F1-4D08-9B9E-A2292F2B9573}
	EndGlobalSection
EndGlobal
